github.com/advanced-go/common v0.0.0-20241119111658-c5a88a3863a2 h1:TWLqAva5GjyzLzrrGZ8xbXJU203Q0Si2oJqVYlhqCgY=
github.com/advanced-go/common v0.0.0-20241119111658-c5a88a3863a2/go.mod h1:ZO9q9c1GB9gQOeuWiAk0fT7pH8nfmNarGHi/Qu4LP/Q=
github.com/advanced-go/common v0.0.0-20241119120207-20ecf0a4ce47 h1:bpobd/NVab21nmWGB4zRx1ktnT3h/oS44NVLIoDBZug=
github.com/advanced-go/common v0.0.0-20241119120207-20ecf0a4ce47/go.mod h1:ZO9q9c1GB9gQOeuWiAk0fT7pH8nfmNarGHi/Qu4LP/Q=
github.com/advanced-go/common v0.0.0-20241119122947-058acf134a42 h1:wwELePpUO9Uw1XvvW9xRVE81gW0oyzcKwrdZCUytaf4=
github.com/advanced-go/common v0.0.0-20241119122947-058acf134a42/go.mod h1:ZO9q9c1GB9gQOeuWiAk0fT7pH8nfmNarGHi/Qu4LP/Q=
github.com/advanced-go/common v0.0.0-20241119124720-55426494362a h1:VnTVmVrEtnzF90BJrID3Oek5jOKarV6H7v38zRwO3bc=
github.com/advanced-go/common v0.0.0-20241119124720-55426494362a/go.mod h1:ZO9q9c1GB9gQOeuWiAk0fT7pH8nfmNarGHi/Qu4LP/Q=
github.com/advanced-go/common v0.0.0-20241120121855-6d8055728334 h1:j2XqjalMyrNL8oHQimgmn4L2rVIjtqP9Ga28lYDppF8=
github.com/advanced-go/common v0.0.0-20241120121855-6d8055728334/go.mod h1:ZO9q9c1GB9gQOeuWiAk0fT7pH8nfmNarGHi/Qu4LP/Q=
github.com/advanced-go/common v0.0.0-20241120132008-f79cb7231b5b h1:4EJORfHWySRT3jX0tkguP/XqTA6h0Ac+KC++4mTtz9E=
github.com/advanced-go/common v0.0.0-20241120132008-f79cb7231b5b/go.mod h1:ZO9q9c1GB9gQOeuWiAk0fT7pH8nfmNarGHi/Qu4LP/Q=
github.com/advanced-go/common v0.0.0-20241120142634-1f4a6ce4c74f h1:EQ4C36Wxi00vVPHfzof/6X0rulf0DEijMUyHCSeP9pE=
github.com/advanced-go/common v0.0.0-20241120142634-1f4a6ce4c74f/go.mod h1:ZO9q9c1GB9gQOeuWiAk0fT7pH8nfmNarGHi/Qu4LP/Q=
github.com/advanced-go/common v0.0.0-20241120155050-c74681f0aeaa h1:FqWPu6fDgrH1VV8gFmLSGANZRDjMpIgwO85ace/j3eM=
github.com/advanced-go/common v0.0.0-20241120155050-c74681f0aeaa/go.mod h1:ZO9q9c1GB9gQOeuWiAk0fT7pH8nfmNarGHi/Qu4LP/Q=
github.com/advanced-go/common v0.0.0-20241120190642-42367a103f66 h1:t5TDVO3M8SVOKalHKFxA/g6VJHl145KzNR51WlpWxCc=
github.com/advanced-go/common v0.0.0-20241120190642-42367a103f66/go.mod h1:ZO9q9c1GB9gQOeuWiAk0fT7pH8nfmNarGHi/Qu4LP/Q=
github.com/advanced-go/common v0.0.0-20241121003648-f45ddbfc63ff h1:z0YmPHze4AQqzHmJNSAJesWexOGjr3gNaVGe9yImGdQ=
github.com/advanced-go/common v0.0.0-20241121003648-f45ddbfc63ff/go.mod h1:ZO9q9c1GB9gQOeuWiAk0fT7pH8nfmNarGHi/Qu4LP/Q=
github.com/advanced-go/common v0.0.0-20241121135836-329c275fdbc2 h1:dKJBEJY2ABcyae+lAvxNeWxVPi8e19GWeoAcxvtDD0Y=
github.com/advanced-go/common v0.0.0-20241121135836-329c275fdbc2/go.mod h1:ZO9q9c1GB9gQOeuWiAk0fT7pH8nfmNarGHi/Qu4LP/Q=
github.com/advanced-go/common v0.0.0-20241121185022-a4f8a3104aa4 h1:iytkbt4y31P5NUW1V23tZPRdMRlST/bCRAon+CbgmOo=
github.com/advanced-go/common v0.0.0-20241121185022-a4f8a3104aa4/go.mod h1:ZO9q9c1GB9gQOeuWiAk0fT7pH8nfmNarGHi/Qu4LP/Q=
github.com/advanced-go/common v0.0.0-20241121185346-05980e60dffc h1:9HZ4XnzYgIXqiuHLYU6Rvz7xwunWmx8cfCgjcHI02xI=
github.com/advanced-go/common v0.0.0-20241121185346-05980e60dffc/go.mod h1:ZO9q9c1GB9gQOeuWiAk0fT7pH8nfmNarGHi/Qu4LP/Q=
github.com/advanced-go/common v0.0.0-20241121190936-d81bb6012c6e h1:wZAuZHBSYlRsUKg4Gx9XKx25ArQmhNMxNmcuRwbqdj8=
github.com/advanced-go/common v0.0.0-20241121190936-d81bb6012c6e/go.mod h1:ZO9q9c1GB9gQOeuWiAk0fT7pH8nfmNarGHi/Qu4LP/Q=
github.com/advanced-go/common v0.0.0-20241121193215-8ba842876532 h1:IQApeG7tHPxLROQHD8DrYtX3hF/zS7vUqBNaxR8yu3s=
github.com/advanced-go/common v0.0.0-20241121193215-8ba842876532/go.mod h1:ZO9q9c1GB9gQOeuWiAk0fT7pH8nfmNarGHi/Qu4LP/Q=
github.com/advanced-go/common v0.0.0-20241121195954-92ddd664a3d4 h1:7D3lQ37ab82u/gMzktPfhuLANLFks4JSAzmcux9xs8w=
github.com/advanced-go/common v0.0.0-20241121195954-92ddd664a3d4/go.mod h1:ZO9q9c1GB9gQOeuWiAk0fT7pH8nfmNarGHi/Qu4LP/Q=
github.com/advanced-go/common v0.0.0-20241122150703-07317a8d2103 h1:j/sGciIvKvzz5d1lgofTcnoqu+01N6SP7j/oADizS68=
github.com/advanced-go/common v0.0.0-20241122150703-07317a8d2103/go.mod h1:ZO9q9c1GB9gQOeuWiAk0fT7pH8nfmNarGHi/Qu4LP/Q=
github.com/advanced-go/log v0.0.0-20241114210224-f5157780c204 h1:n4OFEy2bYrBZUAQa37x+rNr8lhh6oLtl1wpTFWZIj5o=
github.com/advanced-go/log v0.0.0-20241114210224-f5157780c204/go.mod h1:5Xg63AfI0Qe4fdvgvcilsmyfPoqz2d6ygiNrrFGFYjM=
github.com/advanced-go/resiliency v0.0.0-20241119111956-db601e727c39 h1:d3yuoMXaNCiIdWgfAyQCfntN81fp8QA8LY0cEit3s2Y=
github.com/advanced-go/resiliency v0.0.0-20241119111956-db601e727c39/go.mod h1:m8DirBrWuqgpYkpIemSzWr61ZnUgy97Wxnj1VwZEWXk=
github.com/advanced-go/resiliency v0.0.0-20241119114135-999a5878eaf4 h1:1/x1t9gCrUf28+SyZTdOb6c25eRThQUtidY2TvouWmg=
github.com/advanced-go/resiliency v0.0.0-20241119114135-999a5878eaf4/go.mod h1:m8DirBrWuqgpYkpIemSzWr61ZnUgy97Wxnj1VwZEWXk=
github.com/advanced-go/resiliency v0.0.0-20241119123348-a8b50eb807e0 h1:6huy9GqMD4yETS863Nn9BgP7Na+kR52YirMGrXNnl1Y=
github.com/advanced-go/resiliency v0.0.0-20241119123348-a8b50eb807e0/go.mod h1:IfJIOWSjlLY0+/Uqgqjjd3PcFSZTEHs/ybnRANlfnfs=
github.com/advanced-go/resiliency v0.0.0-20241119124808-330fba87df4c h1:AWoI7Ld9/+lsfe6R9jf5JU1946P1jzgSJU1c1TAK5Wo=
github.com/advanced-go/resiliency v0.0.0-20241119124808-330fba87df4c/go.mod h1:uqOkzUCSi0+i3Ym5wO1Ah9fMP/S8Xe/Pwvkym96g8Gg=
github.com/advanced-go/resiliency v0.0.0-20241120122623-d0ae87806194 h1:Wt5jaSTF/JrFJuas7xkOZlEiKgrXsxucD25KN5Qoy7c=
github.com/advanced-go/resiliency v0.0.0-20241120122623-d0ae87806194/go.mod h1:fb2p9237kHVrHFfaICCc89QIkxLFaFshgg6bjOZxDbE=
github.com/advanced-go/resiliency v0.0.0-20241120134619-b32e4657f705 h1:3xWoGnOef0CicAEze7zeGQd97mJoIKmATSdrZcBEy9g=
github.com/advanced-go/resiliency v0.0.0-20241120134619-b32e4657f705/go.mod h1:EKRAgOthXZQkYL1Qwu4ZG0rFSjSxyrCFMzMcyU4BYCo=
github.com/advanced-go/resiliency v0.0.0-20241120142742-8ec38b8f2bef h1:i4wgd8aEDK1JotHoYXQ3ILnsJLHOTYjKwV5UAeoIN/U=
github.com/advanced-go/resiliency v0.0.0-20241120142742-8ec38b8f2bef/go.mod h1:lcnsx8wW+xu0D3K+OzgvAgkRgWg3K0EdU1Qt+zayMzQ=
github.com/advanced-go/resiliency v0.0.0-20241120155304-2bec37d82d56 h1:+PMReRb1O8SwWO2XT8yY4qrval6GQURjLi2tcW/CY0s=
github.com/advanced-go/resiliency v0.0.0-20241120155304-2bec37d82d56/go.mod h1:FtzOVZZh0Q7pcgMVIFhxm5VQXapVkcvDanCxBWOWLGw=
github.com/advanced-go/resiliency v0.0.0-20241120190718-9188cad85667 h1:a2q7bggh/N9BtRYtQuwoEj/zJJqQr+KUapZ07y/ogg4=
github.com/advanced-go/resiliency v0.0.0-20241120190718-9188cad85667/go.mod h1:y0k5J/zEvcSQv66Nj08djfRIKdWGN/ZQSmZ8p8T03SM=
github.com/google/uuid v1.6.0 h1:NIvaJDMOsjHA8n1jAhLSgzrAzy1Hgr+hNrb57e+94F0=
github.com/google/uuid v1.6.0/go.mod h1:TIyPZe4MgqvfeYDBFedMoGGpEw/LqOeaOT+nhxU+yHo=
