github.com/advanced-go/common v0.0.0-20241122200431-798df8f0614f h1:Gr5obYraJukYmcnWWQ0WWJz9ffNR5RFUn7mmJsii2J4=
github.com/advanced-go/common v0.0.0-20241122200431-798df8f0614f/go.mod h1:ZO9q9c1GB9gQOeuWiAk0fT7pH8nfmNarGHi/Qu4LP/Q=
github.com/advanced-go/common v0.0.0-20241123143449-9985292e1811 h1:I+9V9gyTQHGbVeiREPfeJ1BmA/CSCWLRuSk/u+5C25s=
github.com/advanced-go/common v0.0.0-20241123143449-9985292e1811/go.mod h1:ZO9q9c1GB9gQOeuWiAk0fT7pH8nfmNarGHi/Qu4LP/Q=
github.com/advanced-go/common v0.0.0-20241123171216-d641c999207a h1:yrOFviexiPs5uBZHWTxD92Q3qh+vzCfQOmHQWLXtYK8=
github.com/advanced-go/common v0.0.0-20241123171216-d641c999207a/go.mod h1:ZO9q9c1GB9gQOeuWiAk0fT7pH8nfmNarGHi/Qu4LP/Q=
github.com/advanced-go/log v0.0.0-20241123135241-5c23b55c7556 h1:3vvIULukdobBG08Ug06eG0TVt5TnL5u3ws7YhFLVbXc=
github.com/advanced-go/log v0.0.0-20241123135241-5c23b55c7556/go.mod h1:5Xg63AfI0Qe4fdvgvcilsmyfPoqz2d6ygiNrrFGFYjM=
github.com/advanced-go/resiliency v0.0.0-20241123135340-2f24a70264af h1:wYkL1z9/kdbIgSs/K+qnNwrMPWcJMrvVLVGQQ9otly8=
github.com/advanced-go/resiliency v0.0.0-20241123135340-2f24a70264af/go.mod h1:Fv4V7mb8pw41ZSKgQxpAebNOQktgqt11Ne4xVA+ikEk=
github.com/google/uuid v1.6.0 h1:NIvaJDMOsjHA8n1jAhLSgzrAzy1Hgr+hNrb57e+94F0=
github.com/google/uuid v1.6.0/go.mod h1:TIyPZe4MgqvfeYDBFedMoGGpEw/LqOeaOT+nhxU+yHo=
